
Microsoft Visual Studio Solution File, Format Version 12.00
# Visual Studio Version 17
VisualStudioVersion = 17.14.36511.14
MinimumVisualStudioVersion = 10.0.40219.1
Project("{FAE04EC0-301F-11D3-BF4B-00C04F79EFBC}") = "MoneyFlow", "MoneyFlow\MoneyFlow.csproj", "{FE36B0C8-C39D-432B-85A8-7CDA9B6D7DE0}"
EndProject
Project("{FAE04EC0-301F-11D3-BF4B-00C04F79EFBC}") = "MoneyFlow.Tests", "MoneyFlow.Tests\MoneyFlow.Tests.csproj", "{9C4921AC-A8D2-4FF2-AB31-A131497BAA46}"
EndProject
Global
	GlobalSection(SolutionConfigurationPlatforms) = preSolution
		Debug|Any CPU = Debug|Any CPU
		Debug|x64 = Debug|x64
		Debug|x86 = Debug|x86
		Release|Any CPU = Release|Any CPU
		Release|x64 = Release|x64
		Release|x86 = Release|x86
	EndGlobalSection
	GlobalSection(ProjectConfigurationPlatforms) = postSolution
		{FE36B0C8-C39D-432B-85A8-7CDA9B6D7DE0}.Debug|Any CPU.ActiveCfg = Debug|Any CPU
		{FE36B0C8-C39D-432B-85A8-7CDA9B6D7DE0}.Debug|Any CPU.Build.0 = Debug|Any CPU
		{FE36B0C8-C39D-432B-85A8-7CDA9B6D7DE0}.Debug|x64.ActiveCfg = Debug|Any CPU
		{FE36B0C8-C39D-432B-85A8-7CDA9B6D7DE0}.Debug|x64.Build.0 = Debug|Any CPU
		{FE36B0C8-C39D-432B-85A8-7CDA9B6D7DE0}.Debug|x86.ActiveCfg = Debug|Any CPU
		{FE36B0C8-C39D-432B-85A8-7CDA9B6D7DE0}.Debug|x86.Build.0 = Debug|Any CPU
		{FE36B0C8-C39D-432B-85A8-7CDA9B6D7DE0}.Release|Any CPU.ActiveCfg = Release|Any CPU
		{FE36B0C8-C39D-432B-85A8-7CDA9B6D7DE0}.Release|Any CPU.Build.0 = Release|Any CPU
		{FE36B0C8-C39D-432B-85A8-7CDA9B6D7DE0}.Release|x64.ActiveCfg = Release|Any CPU
		{FE36B0C8-C39D-432B-85A8-7CDA9B6D7DE0}.Release|x64.Build.0 = Release|Any CPU
		{FE36B0C8-C39D-432B-85A8-7CDA9B6D7DE0}.Release|x86.ActiveCfg = Release|Any CPU
		{FE36B0C8-C39D-432B-85A8-7CDA9B6D7DE0}.Release|x86.Build.0 = Release|Any CPU
		{9C4921AC-A8D2-4FF2-AB31-A131497BAA46}.Debug|Any CPU.ActiveCfg = Debug|Any CPU
		{9C4921AC-A8D2-4FF2-AB31-A131497BAA46}.Debug|Any CPU.Build.0 = Debug|Any CPU
		{9C4921AC-A8D2-4FF2-AB31-A131497BAA46}.Debug|x64.ActiveCfg = Debug|Any CPU
		{9C4921AC-A8D2-4FF2-AB31-A131497BAA46}.Debug|x64.Build.0 = Debug|Any CPU
		{9C4921AC-A8D2-4FF2-AB31-A131497BAA46}.Debug|x86.ActiveCfg = Debug|Any CPU
		{9C4921AC-A8D2-4FF2-AB31-A131497BAA46}.Debug|x86.Build.0 = Debug|Any CPU
		{9C4921AC-A8D2-4FF2-AB31-A131497BAA46}.Release|Any CPU.ActiveCfg = Release|Any CPU
		{9C4921AC-A8D2-4FF2-AB31-A131497BAA46}.Release|Any CPU.Build.0 = Release|Any CPU
		{9C4921AC-A8D2-4FF2-AB31-A131497BAA46}.Release|x64.ActiveCfg = Release|Any CPU
		{9C4921AC-A8D2-4FF2-AB31-A131497BAA46}.Release|x64.Build.0 = Release|Any CPU
		{9C4921AC-A8D2-4FF2-AB31-A131497BAA46}.Release|x86.ActiveCfg = Release|Any CPU
		{9C4921AC-A8D2-4FF2-AB31-A131497BAA46}.Release|x86.Build.0 = Release|Any CPU
	EndGlobalSection
	GlobalSection(SolutionProperties) = preSolution
		HideSolutionNode = FALSE
	EndGlobalSection
	GlobalSection(ExtensibilityGlobals) = postSolution
		SolutionGuid = {09B30044-7983-4DC1-88E1-F51F0EB5EFB2}
	EndGlobalSection
EndGlobal
