
Microsoft Visual Studio Solution File, Format Version 12.00
# Visual Studio Version 17
VisualStudioVersion = 17.14.36511.14 d17.14
MinimumVisualStudioVersion = 10.0.40219.1
Project("{FAE04EC0-301F-11D3-BF4B-00C04F79EFBC}") = "MoneyFlow", "MoneyFlow\MoneyFlow.csproj", "{FE36B0C8-C39D-432B-85A8-7CDA9B6D7DE0}"
EndProject
Global
	GlobalSection(SolutionConfigurationPlatforms) = preSolution
		Debug|Any CPU = Debug|Any CPU
		Release|Any CPU = Release|Any CPU
	EndGlobalSection
	GlobalSection(ProjectConfigurationPlatforms) = postSolution
		{FE36B0C8-C39D-432B-85A8-7CDA9B6D7DE0}.Debug|Any CPU.ActiveCfg = Debug|Any CPU
		{FE36B0C8-C39D-432B-85A8-7CDA9B6D7DE0}.Debug|Any CPU.Build.0 = Debug|Any CPU
		{FE36B0C8-C39D-432B-85A8-7CDA9B6D7DE0}.Release|Any CPU.ActiveCfg = Release|Any CPU
		{FE36B0C8-C39D-432B-85A8-7CDA9B6D7DE0}.Release|Any CPU.Build.0 = Release|Any CPU
	EndGlobalSection
	GlobalSection(SolutionProperties) = preSolution
		HideSolutionNode = FALSE
	EndGlobalSection
	GlobalSection(ExtensibilityGlobals) = postSolution
		SolutionGuid = {09B30044-7983-4DC1-88E1-F51F0EB5EFB2}
	EndGlobalSection
EndGlobal
